
Microsoft Visual Studio Solution File, Format Version 12.00
# Visual Studio Version 17
VisualStudioVersion = 17.0.31903.59
MinimumVisualStudioVersion = 10.0.40219.1
Project("{FAE04EC0-301F-11D3-BF4B-00C04F79EFBC}") = "Shared", "docs-generation\Shared\Shared.csproj", "{CBF4E7C0-6135-440C-B7C4-6735A074E630}"
EndProject
Project("{FAE04EC0-301F-11D3-BF4B-00C04F79EFBC}") = "NaturalLanguageGenerator", "docs-generation\NaturalLanguageGenerator\NaturalLanguageGenerator.csproj", "{8A48E572-7742-52FF-2D3F-BBC661C087E2}"
EndProject
Project("{FAE04EC0-301F-11D3-BF4B-00C04F79EFBC}") = "GenerativeAI", "docs-generation\GenerativeAI\GenerativeAI.csproj", "{D558B3A3-1C0E-414D-BC62-97478084F5B3}"
EndProject
Project("{FAE04EC0-301F-11D3-BF4B-00C04F79EFBC}") = "CSharpGenerator", "docs-generation\CSharpGenerator\CSharpGenerator.csproj", "{A1B2C3D4-E5F6-7890-1234-56789ABCDEF0}"
	ProjectSection(ProjectDependencies) = postProject
		{D558B3A3-1C0E-414D-BC62-97478084F5B3} = {D558B3A3-1C0E-414D-BC62-97478084F5B3}
		{8A48E572-7742-52FF-2D3F-BBC661C087E2} = {8A48E572-7742-52FF-2D3F-BBC661C087E2}
		{CBF4E7C0-6135-440C-B7C4-6735A074E630} = {CBF4E7C0-6135-440C-B7C4-6735A074E630}
	EndProjectSection
EndProject
Project("{FAE04EC0-301F-11D3-BF4B-00C04F79EFBC}") = "ToolMetadataExtractor", "docs-generation\ToolMetadataExtractor\ToolMetadataExtractor.csproj", "{03A4D917-8E87-4B0B-9B0C-2E0AFC206647}"
EndProject
Project("{FAE04EC0-301F-11D3-BF4B-00C04F79EFBC}") = "GenerativeAI.Tests", "docs-generation\GenerativeAI.Tests\GenerativeAI.Tests.csproj", "{49FB4A19-F77A-446B-B454-FB0CE08DB187}"
	ProjectSection(ProjectDependencies) = postProject
		{D558B3A3-1C0E-414D-BC62-97478084F5B3} = {D558B3A3-1C0E-414D-BC62-97478084F5B3}
	EndProjectSection
EndProject
Project("{FAE04EC0-301F-11D3-BF4B-00C04F79EFBC}") = "TextTransformation", "docs-generation\TextTransformation\TextTransformation.csproj", "{16320E40-AFCF-4032-A37D-2AA756B40209}"
EndProject
Project("{FAE04EC0-301F-11D3-BF4B-00C04F79EFBC}") = "TextTransformation.Tests", "docs-generation\TextTransformation.Tests\TextTransformation.Tests.csproj", "{867EE180-F20E-456B-8D32-92FB509D38A8}"
EndProject
Project("{FAE04EC0-301F-11D3-BF4B-00C04F79EFBC}") = "ExamplePromptValidator", "docs-generation\ExamplePromptValidator\ExamplePromptValidator.csproj", "{E1A2B3C4-D5E6-7890-ABCD-EF1234567890}"
EndProject
Project("{FAE04EC0-301F-11D3-BF4B-00C04F79EFBC}") = "ExamplePromptValidator.Tests", "docs-generation\ExamplePromptValidator.Tests\ExamplePromptValidator.Tests.csproj", "{F2B3C4D5-E6F7-8901-BCDE-F23456789012}"
	ProjectSection(ProjectDependencies) = postProject
		{E1A2B3C4-D5E6-7890-ABCD-EF1234567890} = {E1A2B3C4-D5E6-7890-ABCD-EF1234567890}
	EndProjectSection
EndProject
Project("{FAE04EC0-301F-11D3-BF4B-00C04F79EFBC}") = "HorizontalArticleGenerator", "docs-generation\HorizontalArticleGenerator\HorizontalArticleGenerator.csproj", "{7A72E833-0D82-4D83-A867-A3E135BCB4AB}"
EndProject
Project("{FAE04EC0-301F-11D3-BF4B-00C04F79EFBC}") = "ToolFamilyCleanup", "docs-generation\ToolFamilyCleanup\ToolFamilyCleanup.csproj", "{8B83F944-1E93-5E94-B978-B4F246CDD5BC}"
	ProjectSection(ProjectDependencies) = postProject
		{D558B3A3-1C0E-414D-BC62-97478084F5B3} = {D558B3A3-1C0E-414D-BC62-97478084F5B3}
		{CBF4E7C0-6135-440C-B7C4-6735A074E630} = {CBF4E7C0-6135-440C-B7C4-6735A074E630}
	EndProjectSection
EndProject
Project("{FAE04EC0-301F-11D3-BF4B-00C04F79EFBC}") = "CliAnalyzer", "docs-generation\CliAnalyzer\CliAnalyzer.csproj", "{7D4C4C7A-1A1B-4D69-9F36-54D8C7D6B3A1}"
EndProject
Project("{FAE04EC0-301F-11D3-BF4B-00C04F79EFBC}") = "ExamplePromptGeneratorStandalone", "docs-generation\ExamplePromptGeneratorStandalone\ExamplePromptGeneratorStandalone.csproj", "{B1A6B5D9-9F1D-4E2E-9E61-8F0E1B8A2C11}"
EndProject
Project("{FAE04EC0-301F-11D3-BF4B-00C04F79EFBC}") = "ToolGeneration_Raw", "docs-generation\ToolGeneration_Raw\ToolGeneration_Raw.csproj", "{9C2F0A62-2B1E-4F6F-8B2A-3B9F9C6E6B12}"
EndProject
Project("{FAE04EC0-301F-11D3-BF4B-00C04F79EFBC}") = "ToolGeneration_Composed", "docs-generation\ToolGeneration_Composed\ToolGeneration_Composed.csproj", "{7F5A8D31-0C2C-4F7F-9A7E-5C5A6F2D4B13}"
EndProject
Project("{FAE04EC0-301F-11D3-BF4B-00C04F79EFBC}") = "ToolGeneration_Improved", "docs-generation\ToolGeneration_Improved\ToolGeneration_Improved.csproj", "{4C3F9E27-1E3D-4B8E-8B3D-7E2B6F9C5A14}"
EndProject
Project("{2150E333-8FDC-42A3-9474-1A3956D46DE8}") = "docs-generation", "docs-generation", "{DF01CBFE-2A46-B04D-C9C1-3B401942EB66}"
EndProject
Project("{FAE04EC0-301F-11D3-BF4B-00C04F79EFBC}") = "Shared.Tests", "docs-generation\Shared.Tests\Shared.Tests.csproj", "{906F81B1-4EAA-4893-8E05-A6DA2477D017}"
EndProject
Global
	GlobalSection(SolutionConfigurationPlatforms) = preSolution
		Debug|Any CPU = Debug|Any CPU
		Debug|x64 = Debug|x64
		Debug|x86 = Debug|x86
		Release|Any CPU = Release|Any CPU
		Release|x64 = Release|x64
		Release|x86 = Release|x86
	EndGlobalSection
	GlobalSection(ProjectConfigurationPlatforms) = postSolution
		{CBF4E7C0-6135-440C-B7C4-6735A074E630}.Debug|Any CPU.ActiveCfg = Debug|Any CPU
		{CBF4E7C0-6135-440C-B7C4-6735A074E630}.Debug|Any CPU.Build.0 = Debug|Any CPU
		{CBF4E7C0-6135-440C-B7C4-6735A074E630}.Debug|x64.ActiveCfg = Debug|Any CPU
		{CBF4E7C0-6135-440C-B7C4-6735A074E630}.Debug|x64.Build.0 = Debug|Any CPU
		{CBF4E7C0-6135-440C-B7C4-6735A074E630}.Debug|x86.ActiveCfg = Debug|Any CPU
		{CBF4E7C0-6135-440C-B7C4-6735A074E630}.Debug|x86.Build.0 = Debug|Any CPU
		{CBF4E7C0-6135-440C-B7C4-6735A074E630}.Release|Any CPU.ActiveCfg = Release|Any CPU
		{CBF4E7C0-6135-440C-B7C4-6735A074E630}.Release|Any CPU.Build.0 = Release|Any CPU
		{CBF4E7C0-6135-440C-B7C4-6735A074E630}.Release|x64.ActiveCfg = Release|Any CPU
		{CBF4E7C0-6135-440C-B7C4-6735A074E630}.Release|x64.Build.0 = Release|Any CPU
		{CBF4E7C0-6135-440C-B7C4-6735A074E630}.Release|x86.ActiveCfg = Release|Any CPU
		{CBF4E7C0-6135-440C-B7C4-6735A074E630}.Release|x86.Build.0 = Release|Any CPU
		{8A48E572-7742-52FF-2D3F-BBC661C087E2}.Debug|Any CPU.ActiveCfg = Debug|Any CPU
		{8A48E572-7742-52FF-2D3F-BBC661C087E2}.Debug|Any CPU.Build.0 = Debug|Any CPU
		{8A48E572-7742-52FF-2D3F-BBC661C087E2}.Debug|x64.ActiveCfg = Debug|Any CPU
		{8A48E572-7742-52FF-2D3F-BBC661C087E2}.Debug|x64.Build.0 = Debug|Any CPU
		{8A48E572-7742-52FF-2D3F-BBC661C087E2}.Debug|x86.ActiveCfg = Debug|Any CPU
		{8A48E572-7742-52FF-2D3F-BBC661C087E2}.Debug|x86.Build.0 = Debug|Any CPU
		{8A48E572-7742-52FF-2D3F-BBC661C087E2}.Release|Any CPU.ActiveCfg = Release|Any CPU
		{8A48E572-7742-52FF-2D3F-BBC661C087E2}.Release|Any CPU.Build.0 = Release|Any CPU
		{8A48E572-7742-52FF-2D3F-BBC661C087E2}.Release|x64.ActiveCfg = Release|Any CPU
		{8A48E572-7742-52FF-2D3F-BBC661C087E2}.Release|x64.Build.0 = Release|Any CPU
		{8A48E572-7742-52FF-2D3F-BBC661C087E2}.Release|x86.ActiveCfg = Release|Any CPU
		{8A48E572-7742-52FF-2D3F-BBC661C087E2}.Release|x86.Build.0 = Release|Any CPU
		{D558B3A3-1C0E-414D-BC62-97478084F5B3}.Debug|Any CPU.ActiveCfg = Debug|Any CPU
		{D558B3A3-1C0E-414D-BC62-97478084F5B3}.Debug|Any CPU.Build.0 = Debug|Any CPU
		{D558B3A3-1C0E-414D-BC62-97478084F5B3}.Debug|x64.ActiveCfg = Debug|Any CPU
		{D558B3A3-1C0E-414D-BC62-97478084F5B3}.Debug|x64.Build.0 = Debug|Any CPU
		{D558B3A3-1C0E-414D-BC62-97478084F5B3}.Debug|x86.ActiveCfg = Debug|Any CPU
		{D558B3A3-1C0E-414D-BC62-97478084F5B3}.Debug|x86.Build.0 = Debug|Any CPU
		{D558B3A3-1C0E-414D-BC62-97478084F5B3}.Release|Any CPU.ActiveCfg = Release|Any CPU
		{D558B3A3-1C0E-414D-BC62-97478084F5B3}.Release|Any CPU.Build.0 = Release|Any CPU
		{D558B3A3-1C0E-414D-BC62-97478084F5B3}.Release|x64.ActiveCfg = Release|Any CPU
		{D558B3A3-1C0E-414D-BC62-97478084F5B3}.Release|x64.Build.0 = Release|Any CPU
		{D558B3A3-1C0E-414D-BC62-97478084F5B3}.Release|x86.ActiveCfg = Release|Any CPU
		{D558B3A3-1C0E-414D-BC62-97478084F5B3}.Release|x86.Build.0 = Release|Any CPU
		{A1B2C3D4-E5F6-7890-1234-56789ABCDEF0}.Debug|Any CPU.ActiveCfg = Debug|Any CPU
		{A1B2C3D4-E5F6-7890-1234-56789ABCDEF0}.Debug|Any CPU.Build.0 = Debug|Any CPU
		{A1B2C3D4-E5F6-7890-1234-56789ABCDEF0}.Debug|x64.ActiveCfg = Debug|Any CPU
		{A1B2C3D4-E5F6-7890-1234-56789ABCDEF0}.Debug|x64.Build.0 = Debug|Any CPU
		{A1B2C3D4-E5F6-7890-1234-56789ABCDEF0}.Debug|x86.ActiveCfg = Debug|Any CPU
		{A1B2C3D4-E5F6-7890-1234-56789ABCDEF0}.Debug|x86.Build.0 = Debug|Any CPU
		{A1B2C3D4-E5F6-7890-1234-56789ABCDEF0}.Release|Any CPU.ActiveCfg = Release|Any CPU
		{A1B2C3D4-E5F6-7890-1234-56789ABCDEF0}.Release|Any CPU.Build.0 = Release|Any CPU
		{A1B2C3D4-E5F6-7890-1234-56789ABCDEF0}.Release|x64.ActiveCfg = Release|Any CPU
		{A1B2C3D4-E5F6-7890-1234-56789ABCDEF0}.Release|x64.Build.0 = Release|Any CPU
		{A1B2C3D4-E5F6-7890-1234-56789ABCDEF0}.Release|x86.ActiveCfg = Release|Any CPU
		{A1B2C3D4-E5F6-7890-1234-56789ABCDEF0}.Release|x86.Build.0 = Release|Any CPU
		{03A4D917-8E87-4B0B-9B0C-2E0AFC206647}.Debug|Any CPU.ActiveCfg = Debug|Any CPU
		{03A4D917-8E87-4B0B-9B0C-2E0AFC206647}.Debug|Any CPU.Build.0 = Debug|Any CPU
		{03A4D917-8E87-4B0B-9B0C-2E0AFC206647}.Debug|x64.ActiveCfg = Debug|Any CPU
		{03A4D917-8E87-4B0B-9B0C-2E0AFC206647}.Debug|x64.Build.0 = Debug|Any CPU
		{03A4D917-8E87-4B0B-9B0C-2E0AFC206647}.Debug|x86.ActiveCfg = Debug|Any CPU
		{03A4D917-8E87-4B0B-9B0C-2E0AFC206647}.Debug|x86.Build.0 = Debug|Any CPU
		{03A4D917-8E87-4B0B-9B0C-2E0AFC206647}.Release|Any CPU.ActiveCfg = Release|Any CPU
		{03A4D917-8E87-4B0B-9B0C-2E0AFC206647}.Release|Any CPU.Build.0 = Release|Any CPU
		{03A4D917-8E87-4B0B-9B0C-2E0AFC206647}.Release|x64.ActiveCfg = Release|Any CPU
		{03A4D917-8E87-4B0B-9B0C-2E0AFC206647}.Release|x64.Build.0 = Release|Any CPU
		{03A4D917-8E87-4B0B-9B0C-2E0AFC206647}.Release|x86.ActiveCfg = Release|Any CPU
		{03A4D917-8E87-4B0B-9B0C-2E0AFC206647}.Release|x86.Build.0 = Release|Any CPU
		{49FB4A19-F77A-446B-B454-FB0CE08DB187}.Debug|Any CPU.ActiveCfg = Debug|Any CPU
		{49FB4A19-F77A-446B-B454-FB0CE08DB187}.Debug|Any CPU.Build.0 = Debug|Any CPU
		{49FB4A19-F77A-446B-B454-FB0CE08DB187}.Debug|x64.ActiveCfg = Debug|Any CPU
		{49FB4A19-F77A-446B-B454-FB0CE08DB187}.Debug|x64.Build.0 = Debug|Any CPU
		{49FB4A19-F77A-446B-B454-FB0CE08DB187}.Debug|x86.ActiveCfg = Debug|Any CPU
		{49FB4A19-F77A-446B-B454-FB0CE08DB187}.Debug|x86.Build.0 = Debug|Any CPU
		{49FB4A19-F77A-446B-B454-FB0CE08DB187}.Release|Any CPU.ActiveCfg = Release|Any CPU
		{49FB4A19-F77A-446B-B454-FB0CE08DB187}.Release|Any CPU.Build.0 = Release|Any CPU
		{49FB4A19-F77A-446B-B454-FB0CE08DB187}.Release|x64.ActiveCfg = Release|Any CPU
		{49FB4A19-F77A-446B-B454-FB0CE08DB187}.Release|x64.Build.0 = Release|Any CPU
		{49FB4A19-F77A-446B-B454-FB0CE08DB187}.Release|x86.ActiveCfg = Release|Any CPU
		{49FB4A19-F77A-446B-B454-FB0CE08DB187}.Release|x86.Build.0 = Release|Any CPU
		{16320E40-AFCF-4032-A37D-2AA756B40209}.Debug|Any CPU.ActiveCfg = Debug|Any CPU
		{16320E40-AFCF-4032-A37D-2AA756B40209}.Debug|Any CPU.Build.0 = Debug|Any CPU
		{16320E40-AFCF-4032-A37D-2AA756B40209}.Debug|x64.ActiveCfg = Debug|Any CPU
		{16320E40-AFCF-4032-A37D-2AA756B40209}.Debug|x64.Build.0 = Debug|Any CPU
		{16320E40-AFCF-4032-A37D-2AA756B40209}.Debug|x86.ActiveCfg = Debug|Any CPU
		{16320E40-AFCF-4032-A37D-2AA756B40209}.Debug|x86.Build.0 = Debug|Any CPU
		{16320E40-AFCF-4032-A37D-2AA756B40209}.Release|Any CPU.ActiveCfg = Release|Any CPU
		{16320E40-AFCF-4032-A37D-2AA756B40209}.Release|Any CPU.Build.0 = Release|Any CPU
		{16320E40-AFCF-4032-A37D-2AA756B40209}.Release|x64.ActiveCfg = Release|Any CPU
		{16320E40-AFCF-4032-A37D-2AA756B40209}.Release|x64.Build.0 = Release|Any CPU
		{16320E40-AFCF-4032-A37D-2AA756B40209}.Release|x86.ActiveCfg = Release|Any CPU
		{16320E40-AFCF-4032-A37D-2AA756B40209}.Release|x86.Build.0 = Release|Any CPU
		{867EE180-F20E-456B-8D32-92FB509D38A8}.Debug|Any CPU.ActiveCfg = Debug|Any CPU
		{867EE180-F20E-456B-8D32-92FB509D38A8}.Debug|Any CPU.Build.0 = Debug|Any CPU
		{867EE180-F20E-456B-8D32-92FB509D38A8}.Debug|x64.ActiveCfg = Debug|Any CPU
		{867EE180-F20E-456B-8D32-92FB509D38A8}.Debug|x64.Build.0 = Debug|Any CPU
		{867EE180-F20E-456B-8D32-92FB509D38A8}.Debug|x86.ActiveCfg = Debug|Any CPU
		{867EE180-F20E-456B-8D32-92FB509D38A8}.Debug|x86.Build.0 = Debug|Any CPU
		{867EE180-F20E-456B-8D32-92FB509D38A8}.Release|Any CPU.ActiveCfg = Release|Any CPU
		{867EE180-F20E-456B-8D32-92FB509D38A8}.Release|Any CPU.Build.0 = Release|Any CPU
		{867EE180-F20E-456B-8D32-92FB509D38A8}.Release|x64.ActiveCfg = Release|Any CPU
		{867EE180-F20E-456B-8D32-92FB509D38A8}.Release|x64.Build.0 = Release|Any CPU
		{867EE180-F20E-456B-8D32-92FB509D38A8}.Release|x86.ActiveCfg = Release|Any CPU
		{867EE180-F20E-456B-8D32-92FB509D38A8}.Release|x86.Build.0 = Release|Any CPU
		{E1A2B3C4-D5E6-7890-ABCD-EF1234567890}.Debug|Any CPU.ActiveCfg = Debug|Any CPU
		{E1A2B3C4-D5E6-7890-ABCD-EF1234567890}.Debug|Any CPU.Build.0 = Debug|Any CPU
		{E1A2B3C4-D5E6-7890-ABCD-EF1234567890}.Debug|x64.ActiveCfg = Debug|Any CPU
		{E1A2B3C4-D5E6-7890-ABCD-EF1234567890}.Debug|x64.Build.0 = Debug|Any CPU
		{E1A2B3C4-D5E6-7890-ABCD-EF1234567890}.Debug|x86.ActiveCfg = Debug|Any CPU
		{E1A2B3C4-D5E6-7890-ABCD-EF1234567890}.Debug|x86.Build.0 = Debug|Any CPU
		{E1A2B3C4-D5E6-7890-ABCD-EF1234567890}.Release|Any CPU.ActiveCfg = Release|Any CPU
		{E1A2B3C4-D5E6-7890-ABCD-EF1234567890}.Release|Any CPU.Build.0 = Release|Any CPU
		{E1A2B3C4-D5E6-7890-ABCD-EF1234567890}.Release|x64.ActiveCfg = Release|Any CPU
		{E1A2B3C4-D5E6-7890-ABCD-EF1234567890}.Release|x64.Build.0 = Release|Any CPU
		{E1A2B3C4-D5E6-7890-ABCD-EF1234567890}.Release|x86.ActiveCfg = Release|Any CPU
		{E1A2B3C4-D5E6-7890-ABCD-EF1234567890}.Release|x86.Build.0 = Release|Any CPU
		{F2B3C4D5-E6F7-8901-BCDE-F23456789012}.Debug|Any CPU.ActiveCfg = Debug|Any CPU
		{F2B3C4D5-E6F7-8901-BCDE-F23456789012}.Debug|Any CPU.Build.0 = Debug|Any CPU
		{F2B3C4D5-E6F7-8901-BCDE-F23456789012}.Debug|x64.ActiveCfg = Debug|Any CPU
		{F2B3C4D5-E6F7-8901-BCDE-F23456789012}.Debug|x64.Build.0 = Debug|Any CPU
		{F2B3C4D5-E6F7-8901-BCDE-F23456789012}.Debug|x86.ActiveCfg = Debug|Any CPU
		{F2B3C4D5-E6F7-8901-BCDE-F23456789012}.Debug|x86.Build.0 = Debug|Any CPU
		{F2B3C4D5-E6F7-8901-BCDE-F23456789012}.Release|Any CPU.ActiveCfg = Release|Any CPU
		{F2B3C4D5-E6F7-8901-BCDE-F23456789012}.Release|Any CPU.Build.0 = Release|Any CPU
		{F2B3C4D5-E6F7-8901-BCDE-F23456789012}.Release|x64.ActiveCfg = Release|Any CPU
		{F2B3C4D5-E6F7-8901-BCDE-F23456789012}.Release|x64.Build.0 = Release|Any CPU
		{F2B3C4D5-E6F7-8901-BCDE-F23456789012}.Release|x86.ActiveCfg = Release|Any CPU
		{F2B3C4D5-E6F7-8901-BCDE-F23456789012}.Release|x86.Build.0 = Release|Any CPU
		{7A72E833-0D82-4D83-A867-A3E135BCB4AB}.Debug|Any CPU.ActiveCfg = Debug|Any CPU
		{7A72E833-0D82-4D83-A867-A3E135BCB4AB}.Debug|Any CPU.Build.0 = Debug|Any CPU
		{7A72E833-0D82-4D83-A867-A3E135BCB4AB}.Debug|x64.ActiveCfg = Debug|Any CPU
		{7A72E833-0D82-4D83-A867-A3E135BCB4AB}.Debug|x64.Build.0 = Debug|Any CPU
		{7A72E833-0D82-4D83-A867-A3E135BCB4AB}.Debug|x86.ActiveCfg = Debug|Any CPU
		{7A72E833-0D82-4D83-A867-A3E135BCB4AB}.Debug|x86.Build.0 = Debug|Any CPU
		{7A72E833-0D82-4D83-A867-A3E135BCB4AB}.Release|Any CPU.ActiveCfg = Release|Any CPU
		{7A72E833-0D82-4D83-A867-A3E135BCB4AB}.Release|Any CPU.Build.0 = Release|Any CPU
		{7A72E833-0D82-4D83-A867-A3E135BCB4AB}.Release|x64.ActiveCfg = Release|Any CPU
		{7A72E833-0D82-4D83-A867-A3E135BCB4AB}.Release|x64.Build.0 = Release|Any CPU
		{7A72E833-0D82-4D83-A867-A3E135BCB4AB}.Release|x86.ActiveCfg = Release|Any CPU
		{7A72E833-0D82-4D83-A867-A3E135BCB4AB}.Release|x86.Build.0 = Release|Any CPU
		{8B83F944-1E93-5E94-B978-B4F246CDD5BC}.Debug|Any CPU.ActiveCfg = Debug|Any CPU
		{8B83F944-1E93-5E94-B978-B4F246CDD5BC}.Debug|Any CPU.Build.0 = Debug|Any CPU
		{8B83F944-1E93-5E94-B978-B4F246CDD5BC}.Debug|x64.ActiveCfg = Debug|Any CPU
		{8B83F944-1E93-5E94-B978-B4F246CDD5BC}.Debug|x64.Build.0 = Debug|Any CPU
		{8B83F944-1E93-5E94-B978-B4F246CDD5BC}.Debug|x86.ActiveCfg = Debug|Any CPU
		{8B83F944-1E93-5E94-B978-B4F246CDD5BC}.Debug|x86.Build.0 = Debug|Any CPU
		{8B83F944-1E93-5E94-B978-B4F246CDD5BC}.Release|Any CPU.ActiveCfg = Release|Any CPU
		{8B83F944-1E93-5E94-B978-B4F246CDD5BC}.Release|Any CPU.Build.0 = Release|Any CPU
		{8B83F944-1E93-5E94-B978-B4F246CDD5BC}.Release|x64.ActiveCfg = Release|Any CPU
		{8B83F944-1E93-5E94-B978-B4F246CDD5BC}.Release|x64.Build.0 = Release|Any CPU
		{8B83F944-1E93-5E94-B978-B4F246CDD5BC}.Release|x86.ActiveCfg = Release|Any CPU
		{8B83F944-1E93-5E94-B978-B4F246CDD5BC}.Release|x86.Build.0 = Release|Any CPU
		{7D4C4C7A-1A1B-4D69-9F36-54D8C7D6B3A1}.Debug|Any CPU.ActiveCfg = Debug|Any CPU
		{7D4C4C7A-1A1B-4D69-9F36-54D8C7D6B3A1}.Debug|Any CPU.Build.0 = Debug|Any CPU
		{7D4C4C7A-1A1B-4D69-9F36-54D8C7D6B3A1}.Debug|x64.ActiveCfg = Debug|Any CPU
		{7D4C4C7A-1A1B-4D69-9F36-54D8C7D6B3A1}.Debug|x64.Build.0 = Debug|Any CPU
		{7D4C4C7A-1A1B-4D69-9F36-54D8C7D6B3A1}.Debug|x86.ActiveCfg = Debug|Any CPU
		{7D4C4C7A-1A1B-4D69-9F36-54D8C7D6B3A1}.Debug|x86.Build.0 = Debug|Any CPU
		{7D4C4C7A-1A1B-4D69-9F36-54D8C7D6B3A1}.Release|Any CPU.ActiveCfg = Release|Any CPU
		{7D4C4C7A-1A1B-4D69-9F36-54D8C7D6B3A1}.Release|Any CPU.Build.0 = Release|Any CPU
		{7D4C4C7A-1A1B-4D69-9F36-54D8C7D6B3A1}.Release|x64.ActiveCfg = Release|Any CPU
		{7D4C4C7A-1A1B-4D69-9F36-54D8C7D6B3A1}.Release|x64.Build.0 = Release|Any CPU
		{7D4C4C7A-1A1B-4D69-9F36-54D8C7D6B3A1}.Release|x86.ActiveCfg = Release|Any CPU
		{7D4C4C7A-1A1B-4D69-9F36-54D8C7D6B3A1}.Release|x86.Build.0 = Release|Any CPU
		{B1A6B5D9-9F1D-4E2E-9E61-8F0E1B8A2C11}.Debug|Any CPU.ActiveCfg = Debug|Any CPU
		{B1A6B5D9-9F1D-4E2E-9E61-8F0E1B8A2C11}.Debug|Any CPU.Build.0 = Debug|Any CPU
		{B1A6B5D9-9F1D-4E2E-9E61-8F0E1B8A2C11}.Debug|x64.ActiveCfg = Debug|Any CPU
		{B1A6B5D9-9F1D-4E2E-9E61-8F0E1B8A2C11}.Debug|x64.Build.0 = Debug|Any CPU
		{B1A6B5D9-9F1D-4E2E-9E61-8F0E1B8A2C11}.Debug|x86.ActiveCfg = Debug|Any CPU
		{B1A6B5D9-9F1D-4E2E-9E61-8F0E1B8A2C11}.Debug|x86.Build.0 = Debug|Any CPU
		{B1A6B5D9-9F1D-4E2E-9E61-8F0E1B8A2C11}.Release|Any CPU.ActiveCfg = Release|Any CPU
		{B1A6B5D9-9F1D-4E2E-9E61-8F0E1B8A2C11}.Release|Any CPU.Build.0 = Release|Any CPU
		{B1A6B5D9-9F1D-4E2E-9E61-8F0E1B8A2C11}.Release|x64.ActiveCfg = Release|Any CPU
		{B1A6B5D9-9F1D-4E2E-9E61-8F0E1B8A2C11}.Release|x64.Build.0 = Release|Any CPU
		{B1A6B5D9-9F1D-4E2E-9E61-8F0E1B8A2C11}.Release|x86.ActiveCfg = Release|Any CPU
		{B1A6B5D9-9F1D-4E2E-9E61-8F0E1B8A2C11}.Release|x86.Build.0 = Release|Any CPU
		{9C2F0A62-2B1E-4F6F-8B2A-3B9F9C6E6B12}.Debug|Any CPU.ActiveCfg = Debug|Any CPU
		{9C2F0A62-2B1E-4F6F-8B2A-3B9F9C6E6B12}.Debug|Any CPU.Build.0 = Debug|Any CPU
		{9C2F0A62-2B1E-4F6F-8B2A-3B9F9C6E6B12}.Debug|x64.ActiveCfg = Debug|Any CPU
		{9C2F0A62-2B1E-4F6F-8B2A-3B9F9C6E6B12}.Debug|x64.Build.0 = Debug|Any CPU
		{9C2F0A62-2B1E-4F6F-8B2A-3B9F9C6E6B12}.Debug|x86.ActiveCfg = Debug|Any CPU
		{9C2F0A62-2B1E-4F6F-8B2A-3B9F9C6E6B12}.Debug|x86.Build.0 = Debug|Any CPU
		{9C2F0A62-2B1E-4F6F-8B2A-3B9F9C6E6B12}.Release|Any CPU.ActiveCfg = Release|Any CPU
		{9C2F0A62-2B1E-4F6F-8B2A-3B9F9C6E6B12}.Release|Any CPU.Build.0 = Release|Any CPU
		{9C2F0A62-2B1E-4F6F-8B2A-3B9F9C6E6B12}.Release|x64.ActiveCfg = Release|Any CPU
		{9C2F0A62-2B1E-4F6F-8B2A-3B9F9C6E6B12}.Release|x64.Build.0 = Release|Any CPU
		{9C2F0A62-2B1E-4F6F-8B2A-3B9F9C6E6B12}.Release|x86.ActiveCfg = Release|Any CPU
		{9C2F0A62-2B1E-4F6F-8B2A-3B9F9C6E6B12}.Release|x86.Build.0 = Release|Any CPU
		{7F5A8D31-0C2C-4F7F-9A7E-5C5A6F2D4B13}.Debug|Any CPU.ActiveCfg = Debug|Any CPU
		{7F5A8D31-0C2C-4F7F-9A7E-5C5A6F2D4B13}.Debug|Any CPU.Build.0 = Debug|Any CPU
		{7F5A8D31-0C2C-4F7F-9A7E-5C5A6F2D4B13}.Debug|x64.ActiveCfg = Debug|Any CPU
		{7F5A8D31-0C2C-4F7F-9A7E-5C5A6F2D4B13}.Debug|x64.Build.0 = Debug|Any CPU
		{7F5A8D31-0C2C-4F7F-9A7E-5C5A6F2D4B13}.Debug|x86.ActiveCfg = Debug|Any CPU
		{7F5A8D31-0C2C-4F7F-9A7E-5C5A6F2D4B13}.Debug|x86.Build.0 = Debug|Any CPU
		{7F5A8D31-0C2C-4F7F-9A7E-5C5A6F2D4B13}.Release|Any CPU.ActiveCfg = Release|Any CPU
		{7F5A8D31-0C2C-4F7F-9A7E-5C5A6F2D4B13}.Release|Any CPU.Build.0 = Release|Any CPU
		{7F5A8D31-0C2C-4F7F-9A7E-5C5A6F2D4B13}.Release|x64.ActiveCfg = Release|Any CPU
		{7F5A8D31-0C2C-4F7F-9A7E-5C5A6F2D4B13}.Release|x64.Build.0 = Release|Any CPU
		{7F5A8D31-0C2C-4F7F-9A7E-5C5A6F2D4B13}.Release|x86.ActiveCfg = Release|Any CPU
		{7F5A8D31-0C2C-4F7F-9A7E-5C5A6F2D4B13}.Release|x86.Build.0 = Release|Any CPU
		{4C3F9E27-1E3D-4B8E-8B3D-7E2B6F9C5A14}.Debug|Any CPU.ActiveCfg = Debug|Any CPU
		{4C3F9E27-1E3D-4B8E-8B3D-7E2B6F9C5A14}.Debug|Any CPU.Build.0 = Debug|Any CPU
		{4C3F9E27-1E3D-4B8E-8B3D-7E2B6F9C5A14}.Debug|x64.ActiveCfg = Debug|Any CPU
		{4C3F9E27-1E3D-4B8E-8B3D-7E2B6F9C5A14}.Debug|x64.Build.0 = Debug|Any CPU
		{4C3F9E27-1E3D-4B8E-8B3D-7E2B6F9C5A14}.Debug|x86.ActiveCfg = Debug|Any CPU
		{4C3F9E27-1E3D-4B8E-8B3D-7E2B6F9C5A14}.Debug|x86.Build.0 = Debug|Any CPU
		{4C3F9E27-1E3D-4B8E-8B3D-7E2B6F9C5A14}.Release|Any CPU.ActiveCfg = Release|Any CPU
		{4C3F9E27-1E3D-4B8E-8B3D-7E2B6F9C5A14}.Release|Any CPU.Build.0 = Release|Any CPU
		{4C3F9E27-1E3D-4B8E-8B3D-7E2B6F9C5A14}.Release|x64.ActiveCfg = Release|Any CPU
		{4C3F9E27-1E3D-4B8E-8B3D-7E2B6F9C5A14}.Release|x64.Build.0 = Release|Any CPU
		{4C3F9E27-1E3D-4B8E-8B3D-7E2B6F9C5A14}.Release|x86.ActiveCfg = Release|Any CPU
		{4C3F9E27-1E3D-4B8E-8B3D-7E2B6F9C5A14}.Release|x86.Build.0 = Release|Any CPU
		{906F81B1-4EAA-4893-8E05-A6DA2477D017}.Debug|Any CPU.ActiveCfg = Debug|Any CPU
		{906F81B1-4EAA-4893-8E05-A6DA2477D017}.Debug|Any CPU.Build.0 = Debug|Any CPU
		{906F81B1-4EAA-4893-8E05-A6DA2477D017}.Debug|x64.ActiveCfg = Debug|Any CPU
		{906F81B1-4EAA-4893-8E05-A6DA2477D017}.Debug|x64.Build.0 = Debug|Any CPU
		{906F81B1-4EAA-4893-8E05-A6DA2477D017}.Debug|x86.ActiveCfg = Debug|Any CPU
		{906F81B1-4EAA-4893-8E05-A6DA2477D017}.Debug|x86.Build.0 = Debug|Any CPU
		{906F81B1-4EAA-4893-8E05-A6DA2477D017}.Release|Any CPU.ActiveCfg = Release|Any CPU
		{906F81B1-4EAA-4893-8E05-A6DA2477D017}.Release|Any CPU.Build.0 = Release|Any CPU
		{906F81B1-4EAA-4893-8E05-A6DA2477D017}.Release|x64.ActiveCfg = Release|Any CPU
		{906F81B1-4EAA-4893-8E05-A6DA2477D017}.Release|x64.Build.0 = Release|Any CPU
		{906F81B1-4EAA-4893-8E05-A6DA2477D017}.Release|x86.ActiveCfg = Release|Any CPU
		{906F81B1-4EAA-4893-8E05-A6DA2477D017}.Release|x86.Build.0 = Release|Any CPU
	EndGlobalSection
	GlobalSection(SolutionProperties) = preSolution
		HideSolutionNode = FALSE
	EndGlobalSection
	GlobalSection(NestedProjects) = preSolution
		{906F81B1-4EAA-4893-8E05-A6DA2477D017} = {DF01CBFE-2A46-B04D-C9C1-3B401942EB66}
	EndGlobalSection
EndGlobal
