{  "name": "test-npm-azure-mcp",  "version": "1.0.0",  "lockfileVersion": 3,  "requires": true,  "packages": {    "": {      "name": "test-npm-azure-mcp",      "version": "1.0.0",      "license": "ISC",      "dependencies": {        "@azure/mcp": "^3.0.0-beta.12"      }    },    "node_modules/@azure/mcp": {      "version": "3.0.0-beta.12",      "resolved": "https://registry.npmjs.org/@azure/mcp/-/mcp-3.0.0-beta.12.tgz",      "integrity": "sha512-b7ZazMyXia4Pqg4L2W/jOYMrXUS+BVS12GLrbP2rhl24bFiYHxFBkO5yU1B1DFnmIGS7UWHJgzwhBZllyFQuQQ==",      "cpu": [        "x64",        "arm64"      ],      "hasInstallScript": true,      "license": "MIT",      "os": [        "linux",        "darwin",        "win32"      ],      "bin": {        "azmcp": "index.js"      },      "engines": {        "node": ">=20.0.0"      },      "optionalDependencies": {        "@azure/mcp-darwin-arm64": "3.0.0-beta.12",        "@azure/mcp-darwin-x64": "3.0.0-beta.12",        "@azure/mcp-linux-arm64": "3.0.0-beta.12",        "@azure/mcp-linux-x64": "3.0.0-beta.12",        "@azure/mcp-win32-arm64": "3.0.0-beta.12",        "@azure/mcp-win32-x64": "3.0.0-beta.12"      }    },    "node_modules/@azure/mcp-darwin-arm64": {      "version": "3.0.0-beta.12",      "resolved": "https://registry.npmjs.org/@azure/mcp-darwin-arm64/-/mcp-darwin-arm64-3.0.0-beta.12.tgz",      "integrity": "sha512-oNpA4hF9bDMr3dkY1gTb7WYv7rLf7KZCKvNesyP4SiL0cveBxULYdOSrY8fyft2J5coL9gyhDCR96jdAyCfAhg==",      "cpu": [        "arm64"      ],      "license": "MIT",      "optional": true,      "os": [        "darwin"      ],      "bin": {        "azmcp-darwin-arm64": "dist/azmcp"      },      "engines": {        "node": ">=20.0.0"      }    },    "node_modules/@azure/mcp-darwin-x64": {      "version": "3.0.0-beta.12",      "resolved": "https://registry.npmjs.org/@azure/mcp-darwin-x64/-/mcp-darwin-x64-3.0.0-beta.12.tgz",      "integrity": "sha512-ooVbFwpC3Eoqn39msaVkcvKImYvylvNJCjRxUMfBkgWTrLmcwJNonVKEKufLqE8IPsOsHtZj6WBKG4KgxwCfrA==",      "cpu": [        "x64"      ],      "license": "MIT",      "optional": true,      "os": [        "darwin"      ],      "bin": {        "azmcp-darwin-x64": "dist/azmcp"      },      "engines": {        "node": ">=20.0.0"      }    },    "node_modules/@azure/mcp-linux-arm64": {      "version": "3.0.0-beta.12",      "resolved": "https://registry.npmjs.org/@azure/mcp-linux-arm64/-/mcp-linux-arm64-3.0.0-beta.12.tgz",      "integrity": "sha512-jV37nIPRDV/a6y2AZ42uuYTKPNVTtvc4wcV+P+YsYjMFUGMn0P7dnf1guKd9xy65+P18l5KEmqxmNKcgVAy6xw==",      "cpu": [        "arm64"      ],      "license": "MIT",      "optional": true,      "os": [        "linux"      ],      "bin": {        "azmcp-linux-arm64": "dist/azmcp"      },      "engines": {        "node": ">=20.0.0"      }    },    "node_modules/@azure/mcp-linux-x64": {      "version": "3.0.0-beta.12",      "resolved": "https://registry.npmjs.org/@azure/mcp-linux-x64/-/mcp-linux-x64-3.0.0-beta.12.tgz",      "integrity": "sha512-Vv+4MZ8BnASPv9M/kgI1QwOjarqVGmCKOBbnydU8mrBuf4Pxy5sDR0jOMjBJXlr8Ms+3VBoO3wDTYREU4xJA3Q==",      "cpu": [        "x64"      ],      "license": "MIT",      "optional": true,      "os": [        "linux"      ],      "bin": {        "azmcp-linux-x64": "dist/azmcp"      },      "engines": {        "node": ">=20.0.0"      }    },    "node_modules/@azure/mcp-win32-arm64": {      "version": "3.0.0-beta.12",      "resolved": "https://registry.npmjs.org/@azure/mcp-win32-arm64/-/mcp-win32-arm64-3.0.0-beta.12.tgz",      "integrity": "sha512-Y3V2gAJ4wZ/kx9N3YHmWW/XbAs+JI8os1i1HRf49BvW6JaCxlOQ7qHKKwuehMrTzGIK9ug6c5bAUt6KfNCMhZA==",      "cpu": [        "arm64"      ],      "license": "MIT",      "optional": true,      "os": [        "win32"      ],      "bin": {        "azmcp-win32-arm64": "dist/azmcp.exe"      },      "engines": {        "node": ">=20.0.0"      }    },    "node_modules/@azure/mcp-win32-x64": {      "version": "3.0.0-beta.12",      "resolved": "https://registry.npmjs.org/@azure/mcp-win32-x64/-/mcp-win32-x64-3.0.0-beta.12.tgz",      "integrity": "sha512-FOKAQbahUySqpdJwBUCxlw7WTRjnd/blpjbgUNrarRdpBmv3//x3JDMzq5+lxoMUkawU+wu2dvNVkduUAMAScA==",      "cpu": [        "x64"      ],      "license": "MIT",      "optional": true,      "os": [        "win32"      ],      "bin": {        "azmcp-win32-x64": "dist/azmcp.exe"      },      "engines": {        "node": ">=20.0.0"      }    }  }}