{
    "name": "test-npm-azure-mcp",
    "version": "3.0.0-beta.38",
    "lockfileVersion": 3,
    "requires": true,
    "packages": {
        "": {
            "name": "test-npm-azure-mcp",
            "version": "3.0.0-beta.38",
            "license": "ISC",
            "dependencies": {
                "@azure/mcp": "^3.0.0-beta.40"
            }
        },
        "node_modules/@azure/mcp": {
            "version": "3.0.0-beta.40",
            "resolved": "https://ms-feed-17.pkgs.visualstudio.com/1es-public/_packaging/npm-public/npm/registry/@azure/mcp/-/mcp-3.0.0-beta.40.tgz",
            "integrity": "sha1-xGM9uZ/jIrcUYADVhXf6iGKXY0E=",
            "cpu": [
                "x64",
                "arm64"
            ],
            "hasInstallScript": true,
            "license": "MIT",
            "os": [
                "linux",
                "darwin",
                "win32"
            ],
            "bin": {
                "azmcp": "index.js"
            },
            "engines": {
                "node": ">=22.0.0"
            },
            "optionalDependencies": {
                "@azure/mcp-darwin-arm64": "3.0.0-beta.40",
                "@azure/mcp-darwin-x64": "3.0.0-beta.40",
                "@azure/mcp-linux-arm64": "3.0.0-beta.40",
                "@azure/mcp-linux-x64": "3.0.0-beta.40",
                "@azure/mcp-win32-arm64": "3.0.0-beta.40",
                "@azure/mcp-win32-x64": "3.0.0-beta.40"
            }
        },
        "node_modules/@azure/mcp-darwin-arm64": {
            "version": "3.0.0-beta.40",
            "resolved": "https://ms-feed-12.pkgs.visualstudio.com/1es-public/_packaging/npm-public/npm/registry/@azure/mcp-darwin-arm64/-/mcp-darwin-arm64-3.0.0-beta.40.tgz",
            "integrity": "sha1-b6QdiSd5xdhbVZH3wpIHfi4ghvU=",
            "cpu": [
                "arm64"
            ],
            "license": "MIT",
            "optional": true,
            "os": [
                "darwin"
            ],
            "bin": {
                "azmcp-darwin-arm64": "dist/azmcp"
            },
            "engines": {
                "node": ">=22.0.0"
            }
        },
        "node_modules/@azure/mcp-darwin-x64": {
            "version": "3.0.0-beta.40",
            "resolved": "https://ms-feed-12.pkgs.visualstudio.com/1es-public/_packaging/npm-public/npm/registry/@azure/mcp-darwin-x64/-/mcp-darwin-x64-3.0.0-beta.40.tgz",
            "integrity": "sha1-G78QOT9gm9S+/+W2yQSK4wE2HLU=",
            "cpu": [
                "x64"
            ],
            "license": "MIT",
            "optional": true,
            "os": [
                "darwin"
            ],
            "bin": {
                "azmcp-darwin-x64": "dist/azmcp"
            },
            "engines": {
                "node": ">=22.0.0"
            }
        },
        "node_modules/@azure/mcp-linux-arm64": {
            "version": "3.0.0-beta.40",
            "resolved": "https://ms-feed-17.pkgs.visualstudio.com/1es-public/_packaging/npm-public/npm/registry/@azure/mcp-linux-arm64/-/mcp-linux-arm64-3.0.0-beta.40.tgz",
            "integrity": "sha1-Sf3WpXi670xfasjGIpW1w9h5jKQ=",
            "cpu": [
                "arm64"
            ],
            "license": "MIT",
            "optional": true,
            "os": [
                "linux"
            ],
            "bin": {
                "azmcp-linux-arm64": "dist/azmcp"
            },
            "engines": {
                "node": ">=22.0.0"
            }
        },
        "node_modules/@azure/mcp-linux-x64": {
            "version": "3.0.0-beta.40",
            "resolved": "https://ms-feed-12.pkgs.visualstudio.com/1es-public/_packaging/npm-public/npm/registry/@azure/mcp-linux-x64/-/mcp-linux-x64-3.0.0-beta.40.tgz",
            "integrity": "sha1-SnQsEe5LIXQGvi7VM+7NtvTcMh0=",
            "cpu": [
                "x64"
            ],
            "license": "MIT",
            "optional": true,
            "os": [
                "linux"
            ],
            "bin": {
                "azmcp-linux-x64": "dist/azmcp"
            },
            "engines": {
                "node": ">=22.0.0"
            }
        },
        "node_modules/@azure/mcp-win32-arm64": {
            "version": "3.0.0-beta.40",
            "resolved": "https://ms-feed-17.pkgs.visualstudio.com/1es-public/_packaging/npm-public/npm/registry/@azure/mcp-win32-arm64/-/mcp-win32-arm64-3.0.0-beta.40.tgz",
            "integrity": "sha1-3IgcmU0iH8VoJazKk5QdvHtEvG4=",
            "cpu": [
                "arm64"
            ],
            "license": "MIT",
            "optional": true,
            "os": [
                "win32"
            ],
            "bin": {
                "azmcp-win32-arm64": "dist/azmcp.exe"
            },
            "engines": {
                "node": ">=22.0.0"
            }
        },
        "node_modules/@azure/mcp-win32-x64": {
            "version": "3.0.0-beta.40",
            "resolved": "https://ms-feed-25.pkgs.visualstudio.com/1es-public/_packaging/npm-public/npm/registry/@azure/mcp-win32-x64/-/mcp-win32-x64-3.0.0-beta.40.tgz",
            "integrity": "sha1-qEyT7w9EZqFYxntJjd5uPoBghWU=",
            "cpu": [
                "x64"
            ],
            "license": "MIT",
            "optional": true,
            "os": [
                "win32"
            ],
            "bin": {
                "azmcp-win32-x64": "dist/azmcp.exe"
            },
            "engines": {
                "node": ">=22.0.0"
            }
        }
    }
}
