{
  "name": "test-npm-azure-mcp",
  "version": "1.0.0",
  "lockfileVersion": 3,
  "requires": true,
  "packages": {
    "": {
      "name": "test-npm-azure-mcp",
      "version": "1.0.0",
      "license": "ISC",
      "dependencies": {
        "@azure/mcp": "^3.0.0-beta.14"
      }
    },
    "node_modules/@azure/mcp": {
      "version": "3.0.0-beta.14",
      "resolved": "https://registry.npmjs.org/@azure/mcp/-/mcp-3.0.0-beta.14.tgz",
      "integrity": "sha512-k4A1pVT0d3OgqC0umid0Pk3uNKSnF9BuViXmku236EsHYHLV84Wqh+AY6Ox/D4zVyd2Afc1cWSTkGD7QAuFCLw==",
      "cpu": [
        "x64",
        "arm64"
      ],
      "hasInstallScript": true,
      "license": "MIT",
      "os": [
        "linux",
        "darwin",
        "win32"
      ],
      "bin": {
        "azmcp": "index.js"
      },
      "engines": {
        "node": ">=20.0.0"
      },
      "optionalDependencies": {
        "@azure/mcp-darwin-arm64": "3.0.0-beta.14",
        "@azure/mcp-darwin-x64": "3.0.0-beta.14",
        "@azure/mcp-linux-arm64": "3.0.0-beta.14",
        "@azure/mcp-linux-x64": "3.0.0-beta.14",
        "@azure/mcp-win32-arm64": "3.0.0-beta.14",
        "@azure/mcp-win32-x64": "3.0.0-beta.14"
      }
    },
    "node_modules/@azure/mcp-darwin-arm64": {
      "version": "3.0.0-beta.14",
      "resolved": "https://registry.npmjs.org/@azure/mcp-darwin-arm64/-/mcp-darwin-arm64-3.0.0-beta.14.tgz",
      "integrity": "sha512-oYEuOpg6pb5Azt0Z7zybecVwL/eCs3zoUBen2AquFKbbZbqRpBTzS5J2gzvRgWJDt43Qme3X+BJSt1kNNGJORg==",
      "cpu": [
        "arm64"
      ],
      "license": "MIT",
      "optional": true,
      "os": [
        "darwin"
      ],
      "bin": {
        "azmcp-darwin-arm64": "dist/azmcp"
      },
      "engines": {
        "node": ">=20.0.0"
      }
    },
    "node_modules/@azure/mcp-darwin-x64": {
      "version": "3.0.0-beta.14",
      "resolved": "https://registry.npmjs.org/@azure/mcp-darwin-x64/-/mcp-darwin-x64-3.0.0-beta.14.tgz",
      "integrity": "sha512-yNHkx0cWo2pSBw86iYaihFcTp5PK+7SR7qnkxUPCs7IuKa1umiMoE4aZO4tr41+nFy2wQd/UEv4i1t9oqTer6Q==",
      "cpu": [
        "x64"
      ],
      "license": "MIT",
      "optional": true,
      "os": [
        "darwin"
      ],
      "bin": {
        "azmcp-darwin-x64": "dist/azmcp"
      },
      "engines": {
        "node": ">=20.0.0"
      }
    },
    "node_modules/@azure/mcp-linux-arm64": {
      "version": "3.0.0-beta.14",
      "resolved": "https://registry.npmjs.org/@azure/mcp-linux-arm64/-/mcp-linux-arm64-3.0.0-beta.14.tgz",
      "integrity": "sha512-tE+vBoIqoMGylDoyvl3EprLDvR8uTzqYsLT0rcy5I9fVTYzdoe0TZrHRzxaBp0846P8tJyQwqbPeg4nfWr0/xA==",
      "cpu": [
        "arm64"
      ],
      "license": "MIT",
      "optional": true,
      "os": [
        "linux"
      ],
      "bin": {
        "azmcp-linux-arm64": "dist/azmcp"
      },
      "engines": {
        "node": ">=20.0.0"
      }
    },
    "node_modules/@azure/mcp-linux-x64": {
      "version": "3.0.0-beta.14",
      "resolved": "https://registry.npmjs.org/@azure/mcp-linux-x64/-/mcp-linux-x64-3.0.0-beta.14.tgz",
      "integrity": "sha512-nCgs8Ec3vkTUDMFNS4NanC4pG7fSRWzK7Yj1cyL6pI+sj+TmDO2k6Bdm5BWwsNIWAgGVwKXOPEuBiYBekoWXkw==",
      "cpu": [
        "x64"
      ],
      "license": "MIT",
      "optional": true,
      "os": [
        "linux"
      ],
      "bin": {
        "azmcp-linux-x64": "dist/azmcp"
      },
      "engines": {
        "node": ">=20.0.0"
      }
    },
    "node_modules/@azure/mcp-win32-arm64": {
      "version": "3.0.0-beta.14",
      "resolved": "https://registry.npmjs.org/@azure/mcp-win32-arm64/-/mcp-win32-arm64-3.0.0-beta.14.tgz",
      "integrity": "sha512-KGi2i3k1f02MOpCT79/6iO4JD9+aCxoWfzjzQ3RcnHmz/xYIbejuhwmN4xQx41YqNR/eMIcLlqK4tZBiZ7E+NQ==",
      "cpu": [
        "arm64"
      ],
      "license": "MIT",
      "optional": true,
      "os": [
        "win32"
      ],
      "bin": {
        "azmcp-win32-arm64": "dist/azmcp.exe"
      },
      "engines": {
        "node": ">=20.0.0"
      }
    },
    "node_modules/@azure/mcp-win32-x64": {
      "version": "3.0.0-beta.14",
      "resolved": "https://registry.npmjs.org/@azure/mcp-win32-x64/-/mcp-win32-x64-3.0.0-beta.14.tgz",
      "integrity": "sha512-yIdG/4qWfe2ijkLcn1VJ+G/8/fOeDz6z9TvkWa1snvnMp3n8iYv8QZHkmLjB9zBLHTw6wXCgOX+RoZrPuGvg1w==",
      "cpu": [
        "x64"
      ],
      "license": "MIT",
      "optional": true,
      "os": [
        "win32"
      ],
      "bin": {
        "azmcp-win32-x64": "dist/azmcp.exe"
      },
      "engines": {
        "node": ">=20.0.0"
      }
    }
  }
}
