{
  "name": "test-npm-azure-mcp",
  "version": "1.0.0",
  "lockfileVersion": 3,
  "requires": true,
  "packages": {
    "": {
      "name": "test-npm-azure-mcp",
      "version": "1.0.0",
      "license": "ISC",
      "dependencies": {
        "@azure/mcp": "^3.0.0-beta.10"
      }
    },
    "node_modules/@azure/mcp": {
      "version": "3.0.0-beta.10",
      "resolved": "https://registry.npmjs.org/@azure/mcp/-/mcp-3.0.0-beta.10.tgz",
      "integrity": "sha512-xW47hDIJazF2w+SKg+qyzMuFetmYSmo5sCP8Qnwve6gURtVh1EvtnPIuM/xgMBs0yQ9MN8d4lrszdLfPziGmpA==",
      "cpu": [
        "x64",
        "arm64"
      ],
      "hasInstallScript": true,
      "license": "MIT",
      "os": [
        "linux",
        "darwin",
        "win32"
      ],
      "bin": {
        "azmcp": "index.js"
      },
      "engines": {
        "node": ">=20.0.0"
      },
      "optionalDependencies": {
        "@azure/mcp-darwin-arm64": "3.0.0-beta.10",
        "@azure/mcp-darwin-x64": "3.0.0-beta.10",
        "@azure/mcp-linux-arm64": "3.0.0-beta.10",
        "@azure/mcp-linux-x64": "3.0.0-beta.10",
        "@azure/mcp-win32-arm64": "3.0.0-beta.10",
        "@azure/mcp-win32-x64": "3.0.0-beta.10"
      }
    },
    "node_modules/@azure/mcp-darwin-arm64": {
      "version": "3.0.0-beta.10",
      "resolved": "https://registry.npmjs.org/@azure/mcp-darwin-arm64/-/mcp-darwin-arm64-3.0.0-beta.10.tgz",
      "integrity": "sha512-xhwcNph9YwrsWtxGwFHEUz+Zr1+y3PQKngg7ORLzOw1mSrPtEnbyTyhGMyHgcH3shl4iWubehVAAy+Q32YcHIA==",
      "cpu": [
        "arm64"
      ],
      "license": "MIT",
      "optional": true,
      "os": [
        "darwin"
      ],
      "bin": {
        "azmcp-darwin-arm64": "dist/azmcp"
      },
      "engines": {
        "node": ">=20.0.0"
      }
    },
    "node_modules/@azure/mcp-darwin-x64": {
      "version": "3.0.0-beta.10",
      "resolved": "https://registry.npmjs.org/@azure/mcp-darwin-x64/-/mcp-darwin-x64-3.0.0-beta.10.tgz",
      "integrity": "sha512-9Yieq5CwXZH2oAgmJ58AbpAWVmjTM6z0vrw6iXWbRsYGur9pGMB38RWH8OuPLCMLTi6s0G9DTIxO+6V+mEkxJA==",
      "cpu": [
        "x64"
      ],
      "license": "MIT",
      "optional": true,
      "os": [
        "darwin"
      ],
      "bin": {
        "azmcp-darwin-x64": "dist/azmcp"
      },
      "engines": {
        "node": ">=20.0.0"
      }
    },
    "node_modules/@azure/mcp-linux-arm64": {
      "version": "3.0.0-beta.10",
      "resolved": "https://registry.npmjs.org/@azure/mcp-linux-arm64/-/mcp-linux-arm64-3.0.0-beta.10.tgz",
      "integrity": "sha512-KRx2SAVuXW5l0hxIHkt5P11DoCO9+zwxuoaIlgBLnCNxlF0KFi31fSA4gBiHshM2RiCYpLneoxdqz4e1xJg2kg==",
      "cpu": [
        "arm64"
      ],
      "license": "MIT",
      "optional": true,
      "os": [
        "linux"
      ],
      "bin": {
        "azmcp-linux-arm64": "dist/azmcp"
      },
      "engines": {
        "node": ">=20.0.0"
      }
    },
    "node_modules/@azure/mcp-linux-x64": {
      "version": "3.0.0-beta.10",
      "resolved": "https://registry.npmjs.org/@azure/mcp-linux-x64/-/mcp-linux-x64-3.0.0-beta.10.tgz",
      "integrity": "sha512-lmOIC/4sKErsdVy8mPbXXTYtR9VDBQzMfvCxUljr7njHqSb1RH1oZsvIxr+xh8rdSEyQ1dVGIzKVEsi/VJr9Hw==",
      "cpu": [
        "x64"
      ],
      "license": "MIT",
      "optional": true,
      "os": [
        "linux"
      ],
      "bin": {
        "azmcp-linux-x64": "dist/azmcp"
      },
      "engines": {
        "node": ">=20.0.0"
      }
    },
    "node_modules/@azure/mcp-win32-arm64": {
      "version": "3.0.0-beta.10",
      "resolved": "https://registry.npmjs.org/@azure/mcp-win32-arm64/-/mcp-win32-arm64-3.0.0-beta.10.tgz",
      "integrity": "sha512-r+pq+51Rxf8BX1JZAvU/EY6zHQe2Qy3xko73Uh+tizQg1GxyfdesW+CBc2SVt+eSJhTFV8/GQlLJi4cCdKnU+g==",
      "cpu": [
        "arm64"
      ],
      "license": "MIT",
      "optional": true,
      "os": [
        "win32"
      ],
      "bin": {
        "azmcp-win32-arm64": "dist/azmcp.exe"
      },
      "engines": {
        "node": ">=20.0.0"
      }
    },
    "node_modules/@azure/mcp-win32-x64": {
      "version": "3.0.0-beta.10",
      "resolved": "https://registry.npmjs.org/@azure/mcp-win32-x64/-/mcp-win32-x64-3.0.0-beta.10.tgz",
      "integrity": "sha512-cZkBsWbXvjd+RW63UsWxJkBhHdtJvTx/AtAi1Bk+LohBs9ScOe/M6D0kXVaOq9cnus0DK6BBSfakJfcgC+HLGg==",
      "cpu": [
        "x64"
      ],
      "license": "MIT",
      "optional": true,
      "os": [
        "win32"
      ],
      "bin": {
        "azmcp-win32-x64": "dist/azmcp.exe"
      },
      "engines": {
        "node": ">=20.0.0"
      }
    }
  }
}
