{
  "name": "test-npm-azure-mcp",
  "version": "1.0.0",
  "lockfileVersion": 3,
  "requires": true,
  "packages": {
    "": {
      "name": "test-npm-azure-mcp",
      "version": "1.0.0",
      "license": "ISC",
      "dependencies": {
        "@azure/mcp": "^2.0.0-beta.33"
      }
    },
    "node_modules/@azure/mcp": {
      "version": "2.0.0-beta.33",
      "resolved": "https://registry.npmjs.org/@azure/mcp/-/mcp-2.0.0-beta.33.tgz",
      "integrity": "sha512-B1NMAlD7rH1zcq0bkdgxqL50uhqbwaEVxIJ/2LWWmeCQZ0MGt9PKmBvSBQiI3ofr0iiajtaesNlxhyXF1Q5yWQ==",
      "cpu": [
        "x64",
        "arm64"
      ],
      "hasInstallScript": true,
      "license": "MIT",
      "os": [
        "linux",
        "darwin",
        "win32"
      ],
      "bin": {
        "azmcp": "index.js"
      },
      "engines": {
        "node": ">=20.0.0"
      },
      "optionalDependencies": {
        "@azure/mcp-darwin-arm64": "2.0.0-beta.33",
        "@azure/mcp-darwin-x64": "2.0.0-beta.33",
        "@azure/mcp-linux-arm64": "2.0.0-beta.33",
        "@azure/mcp-linux-x64": "2.0.0-beta.33",
        "@azure/mcp-win32-arm64": "2.0.0-beta.33",
        "@azure/mcp-win32-x64": "2.0.0-beta.33"
      }
    },
    "node_modules/@azure/mcp-darwin-arm64": {
      "version": "2.0.0-beta.33",
      "resolved": "https://registry.npmjs.org/@azure/mcp-darwin-arm64/-/mcp-darwin-arm64-2.0.0-beta.33.tgz",
      "integrity": "sha512-C4mTasHptQ7RKwi0M+AvkDeHZxuZjZdEIkbw4adqszEg0Edv5nh3di6PKWNU8nohMyhEgRsAzr6BgYQrr4UanA==",
      "cpu": [
        "arm64"
      ],
      "license": "MIT",
      "optional": true,
      "os": [
        "darwin"
      ],
      "bin": {
        "azmcp-darwin-arm64": "dist/azmcp"
      },
      "engines": {
        "node": ">=20.0.0"
      }
    },
    "node_modules/@azure/mcp-darwin-x64": {
      "version": "2.0.0-beta.33",
      "resolved": "https://registry.npmjs.org/@azure/mcp-darwin-x64/-/mcp-darwin-x64-2.0.0-beta.33.tgz",
      "integrity": "sha512-bfDR9k/6/eUXvnE2iLtAN4SGEiGUITAaaEjmEzO7U4mYRSfJ/VRpCzxODzNYc1d8qo61EkJexa40X1L3Ue5dKA==",
      "cpu": [
        "x64"
      ],
      "license": "MIT",
      "optional": true,
      "os": [
        "darwin"
      ],
      "bin": {
        "azmcp-darwin-x64": "dist/azmcp"
      },
      "engines": {
        "node": ">=20.0.0"
      }
    },
    "node_modules/@azure/mcp-linux-arm64": {
      "version": "2.0.0-beta.33",
      "resolved": "https://registry.npmjs.org/@azure/mcp-linux-arm64/-/mcp-linux-arm64-2.0.0-beta.33.tgz",
      "integrity": "sha512-7MnNsN+ENJ4RkonZx7JtO0u2UcBMLl1TnPqA2DUKW4fDKTLiPByOY1YRd/FoCD654kCsdRJR9Xwvpe90cLNS/w==",
      "cpu": [
        "arm64"
      ],
      "license": "MIT",
      "optional": true,
      "os": [
        "linux"
      ],
      "bin": {
        "azmcp-linux-arm64": "dist/azmcp"
      },
      "engines": {
        "node": ">=20.0.0"
      }
    },
    "node_modules/@azure/mcp-linux-x64": {
      "version": "2.0.0-beta.33",
      "resolved": "https://registry.npmjs.org/@azure/mcp-linux-x64/-/mcp-linux-x64-2.0.0-beta.33.tgz",
      "integrity": "sha512-52iKCSxfhL1WMnznSIrdAANkVIrI1w87Apsg+Biqww/UiCIoOtoySnauam3np8hpb7s8+hodVIbs8nglC2hvnA==",
      "cpu": [
        "x64"
      ],
      "license": "MIT",
      "optional": true,
      "os": [
        "linux"
      ],
      "bin": {
        "azmcp-linux-x64": "dist/azmcp"
      },
      "engines": {
        "node": ">=20.0.0"
      }
    },
    "node_modules/@azure/mcp-win32-arm64": {
      "version": "2.0.0-beta.33",
      "resolved": "https://registry.npmjs.org/@azure/mcp-win32-arm64/-/mcp-win32-arm64-2.0.0-beta.33.tgz",
      "integrity": "sha512-adDuUQV+3m8jvV9oz+PUGP7RXfh80ppddlQx9qnwJTtq68N75MYRV01EZwr54dajoRZ/AWJZdMeDOtFnWA6qew==",
      "cpu": [
        "arm64"
      ],
      "license": "MIT",
      "optional": true,
      "os": [
        "win32"
      ],
      "bin": {
        "azmcp-win32-arm64": "dist/azmcp.exe"
      },
      "engines": {
        "node": ">=20.0.0"
      }
    },
    "node_modules/@azure/mcp-win32-x64": {
      "version": "2.0.0-beta.33",
      "resolved": "https://registry.npmjs.org/@azure/mcp-win32-x64/-/mcp-win32-x64-2.0.0-beta.33.tgz",
      "integrity": "sha512-UY809HUa/G8nSjZhgJrcCHuPPrktyaM+5m5zMB88qpj3GUbNB8Y/d6ja5sFMyKEYZgO4SGicReK3SvPFcnGF9Q==",
      "cpu": [
        "x64"
      ],
      "license": "MIT",
      "optional": true,
      "os": [
        "win32"
      ],
      "bin": {
        "azmcp-win32-x64": "dist/azmcp.exe"
      },
      "engines": {
        "node": ">=20.0.0"
      }
    }
  }
}
