{
  "name": "test-npm-azure-mcp",
  "version": "1.0.0",
  "lockfileVersion": 3,
  "requires": true,
  "packages": {
    "": {
      "name": "test-npm-azure-mcp",
      "version": "1.0.0",
      "license": "ISC",
      "dependencies": {
        "@azure/mcp": "^2.0.0-beta.13"
      }
    },
    "node_modules/@azure/mcp": {
      "version": "2.0.0-beta.13",
      "resolved": "https://registry.npmjs.org/@azure/mcp/-/mcp-2.0.0-beta.13.tgz",
      "integrity": "sha512-jCBDmv7XxDyYBkH+UsZqpEw14Jg4FAwM1CodjYxJqkPlGVA7PWxLs7fjIvs3m746b962C0m/OFt5d1qJSyXqNg==",
      "cpu": [
        "x64",
        "arm64"
      ],
      "hasInstallScript": true,
      "license": "MIT",
      "os": [
        "linux",
        "darwin",
        "win32"
      ],
      "bin": {
        "azmcp": "index.js"
      },
      "engines": {
        "node": ">=20.0.0"
      },
      "optionalDependencies": {
        "@azure/mcp-darwin-arm64": "2.0.0-beta.13",
        "@azure/mcp-darwin-x64": "2.0.0-beta.13",
        "@azure/mcp-linux-arm64": "2.0.0-beta.13",
        "@azure/mcp-linux-x64": "2.0.0-beta.13",
        "@azure/mcp-win32-arm64": "2.0.0-beta.13",
        "@azure/mcp-win32-x64": "2.0.0-beta.13"
      }
    },
    "node_modules/@azure/mcp-darwin-arm64": {
      "version": "2.0.0-beta.13",
      "resolved": "https://registry.npmjs.org/@azure/mcp-darwin-arm64/-/mcp-darwin-arm64-2.0.0-beta.13.tgz",
      "integrity": "sha512-6qgg4EGmrAJT7f4ySIMFWzxQHpO42u5oyjJQri6EMUdRS/ZVlBdULjcRMzb6nnJiN1gwbl/Cl8Fuufh2rCXcgQ==",
      "cpu": [
        "arm64"
      ],
      "license": "MIT",
      "optional": true,
      "os": [
        "darwin"
      ],
      "bin": {
        "azmcp-darwin-arm64": "dist/azmcp"
      },
      "engines": {
        "node": ">=20.0.0"
      }
    },
    "node_modules/@azure/mcp-darwin-x64": {
      "version": "2.0.0-beta.13",
      "resolved": "https://registry.npmjs.org/@azure/mcp-darwin-x64/-/mcp-darwin-x64-2.0.0-beta.13.tgz",
      "integrity": "sha512-6ifl2KYOE7Gy0l49VG2+du2dybHmpIbfmCr83zgCJ6mbBdYpmRReT0JBfuBNlpIH/kcoB32HbGsPtbYc5x0KPA==",
      "cpu": [
        "x64"
      ],
      "license": "MIT",
      "optional": true,
      "os": [
        "darwin"
      ],
      "bin": {
        "azmcp-darwin-x64": "dist/azmcp"
      },
      "engines": {
        "node": ">=20.0.0"
      }
    },
    "node_modules/@azure/mcp-linux-arm64": {
      "version": "2.0.0-beta.13",
      "resolved": "https://registry.npmjs.org/@azure/mcp-linux-arm64/-/mcp-linux-arm64-2.0.0-beta.13.tgz",
      "integrity": "sha512-RxpjZJQS6KuhzAZHuiZNSrJu54/7aLBpU2gmgIck02WQzwXo2uQXCxWOYLKCteXwoT1ja/ZRA/ySApXzCvgrvg==",
      "cpu": [
        "arm64"
      ],
      "license": "MIT",
      "optional": true,
      "os": [
        "linux"
      ],
      "bin": {
        "azmcp-linux-arm64": "dist/azmcp"
      },
      "engines": {
        "node": ">=20.0.0"
      }
    },
    "node_modules/@azure/mcp-linux-x64": {
      "version": "2.0.0-beta.13",
      "resolved": "https://registry.npmjs.org/@azure/mcp-linux-x64/-/mcp-linux-x64-2.0.0-beta.13.tgz",
      "integrity": "sha512-u/E6yfZFVdIaSsMTxOwDXCwp1HCZD4qWQERwb8qA1627oIGRLyKtwawVuS8xTCm3PgFpyJnB0wyq4/90uuYKdA==",
      "cpu": [
        "x64"
      ],
      "license": "MIT",
      "optional": true,
      "os": [
        "linux"
      ],
      "bin": {
        "azmcp-linux-x64": "dist/azmcp"
      },
      "engines": {
        "node": ">=20.0.0"
      }
    },
    "node_modules/@azure/mcp-win32-arm64": {
      "version": "2.0.0-beta.13",
      "resolved": "https://registry.npmjs.org/@azure/mcp-win32-arm64/-/mcp-win32-arm64-2.0.0-beta.13.tgz",
      "integrity": "sha512-MgdgOZRjAvCdwZZDVXWsAnafZbOl4LWUz2UoesgiQfwmuWeo6+DnDafOi3pfewLOVuyl1K3YvGGdfzFodAmIlw==",
      "cpu": [
        "arm64"
      ],
      "license": "MIT",
      "optional": true,
      "os": [
        "win32"
      ],
      "bin": {
        "azmcp-win32-arm64": "dist/azmcp.exe"
      },
      "engines": {
        "node": ">=20.0.0"
      }
    },
    "node_modules/@azure/mcp-win32-x64": {
      "version": "2.0.0-beta.13",
      "resolved": "https://registry.npmjs.org/@azure/mcp-win32-x64/-/mcp-win32-x64-2.0.0-beta.13.tgz",
      "integrity": "sha512-plXqwMdPSUB2WlyfqlhiadD/u37Jod9U7SkNnGy+VU+RPILyPO3j2gqgbTAIDyrBnjeFhKk9f0baNHkNbqMkyg==",
      "cpu": [
        "x64"
      ],
      "license": "MIT",
      "optional": true,
      "os": [
        "win32"
      ],
      "bin": {
        "azmcp-win32-x64": "dist/azmcp.exe"
      },
      "engines": {
        "node": ">=20.0.0"
      }
    }
  }
}
